
Microsoft Visual Studio Solution File, Format Version 12.00
# Visual Studio Version 16
VisualStudioVersion = 16.0.30907.101
MinimumVisualStudioVersion = 10.0.40219.1
Project("{FAE04EC0-301F-11D3-BF4B-00C04F79EFBC}") = "GeneralTesting", "GeneralTesting\GeneralTesting.csproj", "{C411D689-6E68-41AF-A33E-79C70023DBDE}"
EndProject
Global
	GlobalSection(SolutionConfigurationPlatforms) = preSolution
		Debug|Any CPU = Debug|Any CPU
		Release|Any CPU = Release|Any CPU
	EndGlobalSection
	GlobalSection(ProjectConfigurationPlatforms) = postSolution
		{C411D689-6E68-41AF-A33E-79C70023DBDE}.Debug|Any CPU.ActiveCfg = Debug|Any CPU
		{C411D689-6E68-41AF-A33E-79C70023DBDE}.Debug|Any CPU.Build.0 = Debug|Any CPU
		{C411D689-6E68-41AF-A33E-79C70023DBDE}.Release|Any CPU.ActiveCfg = Release|Any CPU
		{C411D689-6E68-41AF-A33E-79C70023DBDE}.Release|Any CPU.Build.0 = Release|Any CPU
	EndGlobalSection
	GlobalSection(SolutionProperties) = preSolution
		HideSolutionNode = FALSE
	EndGlobalSection
	GlobalSection(ExtensibilityGlobals) = postSolution
		SolutionGuid = {8F5484D6-AFDE-408B-AE78-215C7E6F877E}
	EndGlobalSection
EndGlobal
